
Microsoft Visual Studio Solution File, Format Version 12.00
# Visual Studio Version 17
VisualStudioVersion = 17.0.31903.59
MinimumVisualStudioVersion = 10.0.40219.1
Project("{FAE04EC0-301F-11D3-BF4B-00C04F79EFBC}") = "dummy_auth.idm", "dummy_auth.idm\dummy_auth.idm.csproj", "{B3288D5A-C6F5-406F-9E8E-9759603A2986}"
EndProject
Project("{FAE04EC0-301F-11D3-BF4B-00C04F79EFBC}") = "dummy_auth.client1", "dummy_auth.client1\dummy_auth.client1.csproj", "{D32BFF83-0ED5-4B04-A2EB-5E35E115866A}"
EndProject
Project("{FAE04EC0-301F-11D3-BF4B-00C04F79EFBC}") = "dummy_auth.client2", "dummy_auth.client2\dummy_auth.client2.csproj", "{80B25A45-B5EA-4D62-84B6-0555B3B0F73C}"
EndProject
Global
	GlobalSection(SolutionConfigurationPlatforms) = preSolution
		Debug|Any CPU = Debug|Any CPU
		Release|Any CPU = Release|Any CPU
	EndGlobalSection
	GlobalSection(SolutionProperties) = preSolution
		HideSolutionNode = FALSE
	EndGlobalSection
	GlobalSection(ProjectConfigurationPlatforms) = postSolution
		{B3288D5A-C6F5-406F-9E8E-9759603A2986}.Debug|Any CPU.ActiveCfg = Debug|Any CPU
		{B3288D5A-C6F5-406F-9E8E-9759603A2986}.Debug|Any CPU.Build.0 = Debug|Any CPU
		{B3288D5A-C6F5-406F-9E8E-9759603A2986}.Release|Any CPU.ActiveCfg = Release|Any CPU
		{B3288D5A-C6F5-406F-9E8E-9759603A2986}.Release|Any CPU.Build.0 = Release|Any CPU
		{D32BFF83-0ED5-4B04-A2EB-5E35E115866A}.Debug|Any CPU.ActiveCfg = Debug|Any CPU
		{D32BFF83-0ED5-4B04-A2EB-5E35E115866A}.Debug|Any CPU.Build.0 = Debug|Any CPU
		{D32BFF83-0ED5-4B04-A2EB-5E35E115866A}.Release|Any CPU.ActiveCfg = Release|Any CPU
		{D32BFF83-0ED5-4B04-A2EB-5E35E115866A}.Release|Any CPU.Build.0 = Release|Any CPU
		{80B25A45-B5EA-4D62-84B6-0555B3B0F73C}.Debug|Any CPU.ActiveCfg = Debug|Any CPU
		{80B25A45-B5EA-4D62-84B6-0555B3B0F73C}.Debug|Any CPU.Build.0 = Debug|Any CPU
		{80B25A45-B5EA-4D62-84B6-0555B3B0F73C}.Release|Any CPU.ActiveCfg = Release|Any CPU
		{80B25A45-B5EA-4D62-84B6-0555B3B0F73C}.Release|Any CPU.Build.0 = Release|Any CPU
	EndGlobalSection
EndGlobal
